Microsoft Visual Studio Solution File, Format Version 8.00
Project("{8BC9CEB8-8B4A-11D0-8D11-00A0C91BC942}") = "Coordinator", "Coordinator\Coordinator.vcproj", "{8D2BF6EB-FECA-1BAD-2718-C89B13969817}"
	ProjectSection(ProjectDependencies) = postProject
	EndProjectSection
EndProject
Project("{8BC9CEB8-8B4A-11D0-8D11-00A0C91BC942}") = "Recorder", "Recorder\Recorder.vcproj", "{5D31F0B8-FECA-1BAD-4225-C93BB38D54CC}"
	ProjectSection(ProjectDependencies) = postProject
		{096B5C35-FECA-1BAD-8AF0-8C91516EF201} = {096B5C35-FECA-1BAD-8AF0-8C91516EF201}
		{92BDA250-FECA-1BAD-6CA9-31FE07321746} = {92BDA250-FECA-1BAD-6CA9-31FE07321746}
	EndProjectSection
EndProject
Project("{8BC9CEB8-8B4A-11D0-8D11-00A0C91BC942}") = "GalleryLogger", "GalleryLogger\GalleryLogger.vcproj", "{84BE9ACD-5491-476B-A790-FF08878F5B68}"
	ProjectSection(ProjectDependencies) = postProject
		{096B5C35-FECA-1BAD-8AF0-8C91516EF201} = {096B5C35-FECA-1BAD-8AF0-8C91516EF201}
		{92BDA250-FECA-1BAD-6CA9-31FE07321746} = {92BDA250-FECA-1BAD-6CA9-31FE07321746}
		{6B2A26A7-FECA-1BAD-23D6-A88692A72F36} = {6B2A26A7-FECA-1BAD-23D6-A88692A72F36}
	EndProjectSection
EndProject
Project("{8BC9CEB8-8B4A-11D0-8D11-00A0C91BC942}") = "idlLib", "IDL\idlLib.vcproj", "{096B5C35-FECA-1BAD-8AF0-8C91516EF201}"
	ProjectSection(ProjectDependencies) = postProject
	EndProjectSection
EndProject
Project("{8BC9CEB8-8B4A-11D0-8D11-00A0C91BC942}") = "prodautodbLib", "..\database\src\prodautodbLib.vcproj", "{6B2A26A7-FECA-1BAD-23D6-A88692A72F36}"
	ProjectSection(ProjectDependencies) = postProject
	EndProjectSection
EndProject
Project("{8BC9CEB8-8B4A-11D0-8D11-00A0C91BC942}") = "RecorderClient", "RecorderClient\RecorderClient.vcproj", "{4B35EE27-FECA-1BAD-ABD4-A97AC8E97EC0}"
	ProjectSection(ProjectDependencies) = postProject
		{096B5C35-FECA-1BAD-8AF0-8C91516EF201} = {096B5C35-FECA-1BAD-8AF0-8C91516EF201}
		{92BDA250-FECA-1BAD-6CA9-31FE07321746} = {92BDA250-FECA-1BAD-6CA9-31FE07321746}
	EndProjectSection
EndProject
Project("{8BC9CEB8-8B4A-11D0-8D11-00A0C91BC942}") = "CopyManager", "CopyManager\CopyManager.vcproj", "{5AAE2154-1509-41C5-95AC-3F73F2E2F389}"
	ProjectSection(ProjectDependencies) = postProject
	EndProjectSection
EndProject
Project("{8BC9CEB8-8B4A-11D0-8D11-00A0C91BC942}") = "common2Lib", "common\common2Lib.vcproj", "{92BDA250-FECA-1BAD-6CA9-31FE07321746}"
	ProjectSection(ProjectDependencies) = postProject
		{096B5C35-FECA-1BAD-8AF0-8C91516EF201} = {096B5C35-FECA-1BAD-8AF0-8C91516EF201}
	EndProjectSection
EndProject
Project("{8BC9CEB8-8B4A-11D0-8D11-00A0C91BC942}") = "routerlogger", "routerlog\routerlogger.vcproj", "{2B4E910A-FECA-1BAD-5902-AECD38EFCAF5}"
	ProjectSection(ProjectDependencies) = postProject
		{096B5C35-FECA-1BAD-8AF0-8C91516EF201} = {096B5C35-FECA-1BAD-8AF0-8C91516EF201}
		{92BDA250-FECA-1BAD-6CA9-31FE07321746} = {92BDA250-FECA-1BAD-6CA9-31FE07321746}
	EndProjectSection
EndProject
Project("{8BC9CEB8-8B4A-11D0-8D11-00A0C91BC942}") = "RecorderMonitor", "RecorderMonitor\RecorderMonitor.vcproj", "{FCBFA412-E60D-48D5-9016-BFA3A96EAEC5}"
	ProjectSection(ProjectDependencies) = postProject
		{096B5C35-FECA-1BAD-8AF0-8C91516EF201} = {096B5C35-FECA-1BAD-8AF0-8C91516EF201}
		{92BDA250-FECA-1BAD-6CA9-31FE07321746} = {92BDA250-FECA-1BAD-6CA9-31FE07321746}
	EndProjectSection
EndProject
Project("{8BC9CEB8-8B4A-11D0-8D11-00A0C91BC942}") = "commonLib", "..\..\common\commonLib.vcproj", "{50BFEE33-FECA-1BAD-AA95-11DAF63D975C}"
	ProjectSection(ProjectDependencies) = postProject
	EndProjectSection
EndProject
Project("{8BC9CEB8-8B4A-11D0-8D11-00A0C91BC942}") = "CreateAAF", "..\processing\createaaf\CreateAAF.vcproj", "{0D3255CB-FECA-1BAD-1510-C90184CAB406}"
	ProjectSection(ProjectDependencies) = postProject
	EndProjectSection
EndProject
Project("{8BC9CEB8-8B4A-11D0-8D11-00A0C91BC942}") = "studiocommonLib", "..\common\studiocommonLib.vcproj", "{57FCDCCC-FECA-1BAD-8565-65E9ACA0C3E0}"
	ProjectSection(ProjectDependencies) = postProject
	EndProjectSection
EndProject
Global
	GlobalSection(SolutionConfiguration) = preSolution
		Debug = Debug
		Release = Release
	EndGlobalSection
	GlobalSection(ProjectConfiguration) = postSolution
		{8D2BF6EB-FECA-1BAD-2718-C89B13969817}.Debug.ActiveCfg = Debug|Win32
		{8D2BF6EB-FECA-1BAD-2718-C89B13969817}.Debug.Build.0 = Debug|Win32
		{8D2BF6EB-FECA-1BAD-2718-C89B13969817}.Release.ActiveCfg = Release|Win32
		{8D2BF6EB-FECA-1BAD-2718-C89B13969817}.Release.Build.0 = Release|Win32
		{5D31F0B8-FECA-1BAD-4225-C93BB38D54CC}.Debug.ActiveCfg = Debug|Win32
		{5D31F0B8-FECA-1BAD-4225-C93BB38D54CC}.Debug.Build.0 = Debug|Win32
		{5D31F0B8-FECA-1BAD-4225-C93BB38D54CC}.Release.ActiveCfg = Release|Win32
		{5D31F0B8-FECA-1BAD-4225-C93BB38D54CC}.Release.Build.0 = Release|Win32
		{84BE9ACD-5491-476B-A790-FF08878F5B68}.Debug.ActiveCfg = Debug|Win32
		{84BE9ACD-5491-476B-A790-FF08878F5B68}.Debug.Build.0 = Debug|Win32
		{84BE9ACD-5491-476B-A790-FF08878F5B68}.Release.ActiveCfg = Release|Win32
		{84BE9ACD-5491-476B-A790-FF08878F5B68}.Release.Build.0 = Release|Win32
		{096B5C35-FECA-1BAD-8AF0-8C91516EF201}.Debug.ActiveCfg = Debug|Win32
		{096B5C35-FECA-1BAD-8AF0-8C91516EF201}.Debug.Build.0 = Debug|Win32
		{096B5C35-FECA-1BAD-8AF0-8C91516EF201}.Release.ActiveCfg = Release|Win32
		{096B5C35-FECA-1BAD-8AF0-8C91516EF201}.Release.Build.0 = Release|Win32
		{6B2A26A7-FECA-1BAD-23D6-A88692A72F36}.Debug.ActiveCfg = Debug|Win32
		{6B2A26A7-FECA-1BAD-23D6-A88692A72F36}.Debug.Build.0 = Debug|Win32
		{6B2A26A7-FECA-1BAD-23D6-A88692A72F36}.Release.ActiveCfg = Release|Win32
		{6B2A26A7-FECA-1BAD-23D6-A88692A72F36}.Release.Build.0 = Release|Win32
		{4B35EE27-FECA-1BAD-ABD4-A97AC8E97EC0}.Debug.ActiveCfg = Debug|Win32
		{4B35EE27-FECA-1BAD-ABD4-A97AC8E97EC0}.Debug.Build.0 = Debug|Win32
		{4B35EE27-FECA-1BAD-ABD4-A97AC8E97EC0}.Release.ActiveCfg = Release|Win32
		{4B35EE27-FECA-1BAD-ABD4-A97AC8E97EC0}.Release.Build.0 = Release|Win32
		{5AAE2154-1509-41C5-95AC-3F73F2E2F389}.Debug.ActiveCfg = Debug|Win32
		{5AAE2154-1509-41C5-95AC-3F73F2E2F389}.Debug.Build.0 = Debug|Win32
		{5AAE2154-1509-41C5-95AC-3F73F2E2F389}.Release.ActiveCfg = Release|Win32
		{5AAE2154-1509-41C5-95AC-3F73F2E2F389}.Release.Build.0 = Release|Win32
		{92BDA250-FECA-1BAD-6CA9-31FE07321746}.Debug.ActiveCfg = Debug|Win32
		{92BDA250-FECA-1BAD-6CA9-31FE07321746}.Debug.Build.0 = Debug|Win32
		{92BDA250-FECA-1BAD-6CA9-31FE07321746}.Release.ActiveCfg = Release|Win32
		{92BDA250-FECA-1BAD-6CA9-31FE07321746}.Release.Build.0 = Release|Win32
		{2B4E910A-FECA-1BAD-5902-AECD38EFCAF5}.Debug.ActiveCfg = Debug|Win32
		{2B4E910A-FECA-1BAD-5902-AECD38EFCAF5}.Debug.Build.0 = Debug|Win32
		{2B4E910A-FECA-1BAD-5902-AECD38EFCAF5}.Release.ActiveCfg = Release|Win32
		{2B4E910A-FECA-1BAD-5902-AECD38EFCAF5}.Release.Build.0 = Release|Win32
		{FCBFA412-E60D-48D5-9016-BFA3A96EAEC5}.Debug.ActiveCfg = Debug|Win32
		{FCBFA412-E60D-48D5-9016-BFA3A96EAEC5}.Debug.Build.0 = Debug|Win32
		{FCBFA412-E60D-48D5-9016-BFA3A96EAEC5}.Release.ActiveCfg = Release|Win32
		{FCBFA412-E60D-48D5-9016-BFA3A96EAEC5}.Release.Build.0 = Release|Win32
		{50BFEE33-FECA-1BAD-AA95-11DAF63D975C}.Debug.ActiveCfg = Debug|Win32
		{50BFEE33-FECA-1BAD-AA95-11DAF63D975C}.Debug.Build.0 = Debug|Win32
		{50BFEE33-FECA-1BAD-AA95-11DAF63D975C}.Release.ActiveCfg = Release|Win32
		{50BFEE33-FECA-1BAD-AA95-11DAF63D975C}.Release.Build.0 = Release|Win32
		{0D3255CB-FECA-1BAD-1510-C90184CAB406}.Debug.ActiveCfg = Debug|Win32
		{0D3255CB-FECA-1BAD-1510-C90184CAB406}.Debug.Build.0 = Debug|Win32
		{0D3255CB-FECA-1BAD-1510-C90184CAB406}.Release.ActiveCfg = Release|Win32
		{0D3255CB-FECA-1BAD-1510-C90184CAB406}.Release.Build.0 = Release|Win32
		{57FCDCCC-FECA-1BAD-8565-65E9ACA0C3E0}.Debug.ActiveCfg = Debug|Win32
		{57FCDCCC-FECA-1BAD-8565-65E9ACA0C3E0}.Debug.Build.0 = Debug|Win32
		{57FCDCCC-FECA-1BAD-8565-65E9ACA0C3E0}.Release.ActiveCfg = Release|Win32
		{57FCDCCC-FECA-1BAD-8565-65E9ACA0C3E0}.Release.Build.0 = Release|Win32
	EndGlobalSection
	GlobalSection(ExtensibilityGlobals) = postSolution
	EndGlobalSection
	GlobalSection(ExtensibilityAddIns) = postSolution
	EndGlobalSection
EndGlobal
